
Microsoft Visual Studio Solution File, Format Version 12.00
# Visual Studio Version 17
VisualStudioVersion = 17.0.31919.166
MinimumVisualStudioVersion = 10.0.40219.1
Project("{9A19103F-16F7-4668-BE54-9A1E7A4F7556}") = "MangaSrbija.Presentation", "MangaSrbija\MangaSrbija.Presentation.csproj", "{956D21DB-6074-4AC6-B720-007B4231D2C3}"
EndProject
Project("{9A19103F-16F7-4668-BE54-9A1E7A4F7556}") = "MangaSrbija.DAL", "MangaSrbija.DAL\MangaSrbija.DAL.csproj", "{1B46E3A4-0475-44F2-B934-440EEA8353D3}"
EndProject
Project("{FAE04EC0-301F-11D3-BF4B-00C04F79EFBC}") = "MangaSrbija.BLL", "MangaSrbija.BLL\MangaSrbija.BLL.csproj", "{C41AE122-38FE-4B2F-A91C-480B5B07EEF2}"
EndProject
Global
	GlobalSection(SolutionConfigurationPlatforms) = preSolution
		Debug|Any CPU = Debug|Any CPU
		Release|Any CPU = Release|Any CPU
	EndGlobalSection
	GlobalSection(ProjectConfigurationPlatforms) = postSolution
		{956D21DB-6074-4AC6-B720-007B4231D2C3}.Debug|Any CPU.ActiveCfg = Debug|Any CPU
		{956D21DB-6074-4AC6-B720-007B4231D2C3}.Debug|Any CPU.Build.0 = Debug|Any CPU
		{956D21DB-6074-4AC6-B720-007B4231D2C3}.Release|Any CPU.ActiveCfg = Release|Any CPU
		{956D21DB-6074-4AC6-B720-007B4231D2C3}.Release|Any CPU.Build.0 = Release|Any CPU
		{1B46E3A4-0475-44F2-B934-440EEA8353D3}.Debug|Any CPU.ActiveCfg = Debug|Any CPU
		{1B46E3A4-0475-44F2-B934-440EEA8353D3}.Debug|Any CPU.Build.0 = Debug|Any CPU
		{1B46E3A4-0475-44F2-B934-440EEA8353D3}.Release|Any CPU.ActiveCfg = Release|Any CPU
		{1B46E3A4-0475-44F2-B934-440EEA8353D3}.Release|Any CPU.Build.0 = Release|Any CPU
		{C41AE122-38FE-4B2F-A91C-480B5B07EEF2}.Debug|Any CPU.ActiveCfg = Debug|Any CPU
		{C41AE122-38FE-4B2F-A91C-480B5B07EEF2}.Debug|Any CPU.Build.0 = Debug|Any CPU
		{C41AE122-38FE-4B2F-A91C-480B5B07EEF2}.Release|Any CPU.ActiveCfg = Release|Any CPU
		{C41AE122-38FE-4B2F-A91C-480B5B07EEF2}.Release|Any CPU.Build.0 = Release|Any CPU
	EndGlobalSection
	GlobalSection(SolutionProperties) = preSolution
		HideSolutionNode = FALSE
	EndGlobalSection
	GlobalSection(ExtensibilityGlobals) = postSolution
		SolutionGuid = {3B5C055A-E9EB-46FE-86E6-F26872D3F652}
	EndGlobalSection
EndGlobal
